
Microsoft Visual Studio Solution File, Format Version 12.00
# Visual Studio Version 17
VisualStudioVersion = 17.13.35828.75 d17.13
MinimumVisualStudioVersion = 10.0.40219.1
Project("{FAE04EC0-301F-11D3-BF4B-00C04F79EFBC}") = "FusionAPI.Presentation", "FusionAPI\FusionAPI.Presentation.csproj", "{3CD7181D-454A-4DF0-8596-77E4A52567D2}"
EndProject
Project("{FAE04EC0-301F-11D3-BF4B-00C04F79EFBC}") = "FusionAPI.Domain", "FusionAPI.Domain\FusionAPI.Domain.csproj", "{2A5BBC0D-4236-4544-AE1B-0D46278D682B}"
EndProject
Project("{FAE04EC0-301F-11D3-BF4B-00C04F79EFBC}") = "FusionAPI.Persistence", "FusionAPI.Persistence\FusionAPI.Persistence.csproj", "{C08A6A05-0107-403C-9D83-297F1B029F70}"
EndProject
Project("{FAE04EC0-301F-11D3-BF4B-00C04F79EFBC}") = "FusionAPI.Applicatif", "FusionAPI.Applicatif\FusionAPI.Applicatif.csproj", "{240AB222-94DE-4D03-806D-208BC039629E}"
EndProject
Global
	GlobalSection(SolutionConfigurationPlatforms) = preSolution
		Debug|Any CPU = Debug|Any CPU
		Release|Any CPU = Release|Any CPU
	EndGlobalSection
	GlobalSection(ProjectConfigurationPlatforms) = postSolution
		{3CD7181D-454A-4DF0-8596-77E4A52567D2}.Debug|Any CPU.ActiveCfg = Debug|Any CPU
		{3CD7181D-454A-4DF0-8596-77E4A52567D2}.Debug|Any CPU.Build.0 = Debug|Any CPU
		{3CD7181D-454A-4DF0-8596-77E4A52567D2}.Release|Any CPU.ActiveCfg = Release|Any CPU
		{3CD7181D-454A-4DF0-8596-77E4A52567D2}.Release|Any CPU.Build.0 = Release|Any CPU
		{2A5BBC0D-4236-4544-AE1B-0D46278D682B}.Debug|Any CPU.ActiveCfg = Debug|Any CPU
		{2A5BBC0D-4236-4544-AE1B-0D46278D682B}.Debug|Any CPU.Build.0 = Debug|Any CPU
		{2A5BBC0D-4236-4544-AE1B-0D46278D682B}.Release|Any CPU.ActiveCfg = Release|Any CPU
		{2A5BBC0D-4236-4544-AE1B-0D46278D682B}.Release|Any CPU.Build.0 = Release|Any CPU
		{C08A6A05-0107-403C-9D83-297F1B029F70}.Debug|Any CPU.ActiveCfg = Debug|Any CPU
		{C08A6A05-0107-403C-9D83-297F1B029F70}.Debug|Any CPU.Build.0 = Debug|Any CPU
		{C08A6A05-0107-403C-9D83-297F1B029F70}.Release|Any CPU.ActiveCfg = Release|Any CPU
		{C08A6A05-0107-403C-9D83-297F1B029F70}.Release|Any CPU.Build.0 = Release|Any CPU
		{240AB222-94DE-4D03-806D-208BC039629E}.Debug|Any CPU.ActiveCfg = Debug|Any CPU
		{240AB222-94DE-4D03-806D-208BC039629E}.Debug|Any CPU.Build.0 = Debug|Any CPU
		{240AB222-94DE-4D03-806D-208BC039629E}.Release|Any CPU.ActiveCfg = Release|Any CPU
		{240AB222-94DE-4D03-806D-208BC039629E}.Release|Any CPU.Build.0 = Release|Any CPU
	EndGlobalSection
	GlobalSection(SolutionProperties) = preSolution
		HideSolutionNode = FALSE
	EndGlobalSection
	GlobalSection(ExtensibilityGlobals) = postSolution
		SolutionGuid = {E570F2B1-B5B4-45C0-B079-83E6A702FD4D}
	EndGlobalSection
EndGlobal
